Microsoft Visual Studio Solution File, Format Version 11.00
# Visual Studio 2008

Project("{5168A60D-81CA-E0ED-11EB-9743B65CC8C2}") = "DemoProject2", "Assembly-CSharp.csproj", "{86AACD72-382D-A5BD-4E8B-EE1BD8095551}"
EndProject
Global
	GlobalSection(SolutionConfigurationPlatforms) = preSolution
		Debug|Any CPU = Debug|Any CPU
		Release|Any CPU = Release|Any CPU
	EndGlobalSection
	GlobalSection(ProjectConfigurationPlatforms) = postSolution
		{86AACD72-382D-A5BD-4E8B-EE1BD8095551}.Debug|Any CPU.ActiveCfg = Debug|Any CPU
		{86AACD72-382D-A5BD-4E8B-EE1BD8095551}.Debug|Any CPU.Build.0 = Debug|Any CPU
		{86AACD72-382D-A5BD-4E8B-EE1BD8095551}.Release|Any CPU.ActiveCfg = Release|Any CPU
		{86AACD72-382D-A5BD-4E8B-EE1BD8095551}.Release|Any CPU.Build.0 = Release|Any CPU
	EndGlobalSection
	GlobalSection(SolutionProperties) = preSolution
		HideSolutionNode = FALSE
	EndGlobalSection
	GlobalSection(MonoDevelopProperties) = preSolution
		StartupItem = Assembly-CSharp.csproj
	EndGlobalSection
EndGlobal
